
Microsoft Visual Studio Solution File, Format Version 12.00
# Visual Studio Version 17
VisualStudioVersion = 17.3.32929.385
MinimumVisualStudioVersion = 10.0.40219.1
Project("{FAE04EC0-301F-11D3-BF4B-00C04F79EFBC}") = "WA.Game1A2B", "WA.Game1A2B\WA.Game1A2B.csproj", "{E888D9D6-6657-4384-8C53-4F0F78DE71BB}"
EndProject
Project("{FAE04EC0-301F-11D3-BF4B-00C04F79EFBC}") = "WA.Game1A2BTests", "WA.Game1A2BTests\WA.Game1A2BTests.csproj", "{A7D51218-989D-48FD-B506-2AC56FCDD962}"
EndProject
Global
	GlobalSection(SolutionConfigurationPlatforms) = preSolution
		Debug|Any CPU = Debug|Any CPU
		Release|Any CPU = Release|Any CPU
	EndGlobalSection
	GlobalSection(ProjectConfigurationPlatforms) = postSolution
		{E888D9D6-6657-4384-8C53-4F0F78DE71BB}.Debug|Any CPU.ActiveCfg = Debug|Any CPU
		{E888D9D6-6657-4384-8C53-4F0F78DE71BB}.Debug|Any CPU.Build.0 = Debug|Any CPU
		{E888D9D6-6657-4384-8C53-4F0F78DE71BB}.Release|Any CPU.ActiveCfg = Release|Any CPU
		{E888D9D6-6657-4384-8C53-4F0F78DE71BB}.Release|Any CPU.Build.0 = Release|Any CPU
		{A7D51218-989D-48FD-B506-2AC56FCDD962}.Debug|Any CPU.ActiveCfg = Debug|Any CPU
		{A7D51218-989D-48FD-B506-2AC56FCDD962}.Debug|Any CPU.Build.0 = Debug|Any CPU
		{A7D51218-989D-48FD-B506-2AC56FCDD962}.Release|Any CPU.ActiveCfg = Release|Any CPU
		{A7D51218-989D-48FD-B506-2AC56FCDD962}.Release|Any CPU.Build.0 = Release|Any CPU
	EndGlobalSection
	GlobalSection(SolutionProperties) = preSolution
		HideSolutionNode = FALSE
	EndGlobalSection
	GlobalSection(ExtensibilityGlobals) = postSolution
		SolutionGuid = {23A30149-FB9F-4A62-A0B7-93A30D20F8E3}
	EndGlobalSection
EndGlobal
